lockfileVersion: '6.0'

devDependencies:
  typescript:
    specifier: ^4.3.2
    version: 4.3.2

packages:

  /typescript@4.3.2:
    resolution: {integrity: sha512-zZ4hShnmnoVnAHpVHWpTcxdv7dWP60S2FsydQLV8V5PbS3FifjWFFRiHSWpDJahly88PRyV5teTSLoq4eG7mKw==}
    engines: {node: '>=4.2.0'}
    hasBin: true
    dev: true
